
Microsoft Visual Studio Solution File, Format Version 12.00
# Visual Studio Version 17
VisualStudioVersion = 17.5.33414.496
MinimumVisualStudioVersion = 10.0.40219.1
Project("{FAE04EC0-301F-11D3-BF4B-00C04F79EFBC}") = "Hermes.Processor", "Hermes.Processor\Hermes.Processor.csproj", "{A0363EC2-B68D-4EB7-A72A-BF5D7D4225DC}"
EndProject
Project("{FAE04EC0-301F-11D3-BF4B-00C04F79EFBC}") = "Hermes.Tools", "Hermes.Tools\Hermes.Tools.csproj", "{862FA568-01B6-41F8-9C91-8011BA16E55E}"
EndProject
Global
	GlobalSection(SolutionConfigurationPlatforms) = preSolution
		Debug|Any CPU = Debug|Any CPU
		Release|Any CPU = Release|Any CPU
	EndGlobalSection
	GlobalSection(ProjectConfigurationPlatforms) = postSolution
		{A0363EC2-B68D-4EB7-A72A-BF5D7D4225DC}.Debug|Any CPU.ActiveCfg = Debug|Any CPU
		{A0363EC2-B68D-4EB7-A72A-BF5D7D4225DC}.Debug|Any CPU.Build.0 = Debug|Any CPU
		{A0363EC2-B68D-4EB7-A72A-BF5D7D4225DC}.Release|Any CPU.ActiveCfg = Release|Any CPU
		{A0363EC2-B68D-4EB7-A72A-BF5D7D4225DC}.Release|Any CPU.Build.0 = Release|Any CPU
		{862FA568-01B6-41F8-9C91-8011BA16E55E}.Debug|Any CPU.ActiveCfg = Debug|Any CPU
		{862FA568-01B6-41F8-9C91-8011BA16E55E}.Debug|Any CPU.Build.0 = Debug|Any CPU
		{862FA568-01B6-41F8-9C91-8011BA16E55E}.Release|Any CPU.ActiveCfg = Release|Any CPU
		{862FA568-01B6-41F8-9C91-8011BA16E55E}.Release|Any CPU.Build.0 = Release|Any CPU
	EndGlobalSection
	GlobalSection(SolutionProperties) = preSolution
		HideSolutionNode = FALSE
	EndGlobalSection
	GlobalSection(ExtensibilityGlobals) = postSolution
		SolutionGuid = {932B3485-4FB3-4625-955C-B4DD7B2C0937}
	EndGlobalSection
EndGlobal
